{
  "nodes": {
    "flake-parts": {
      "inputs": {
        "nixpkgs-lib": "nixpkgs-lib"
      },
      "locked": {
        "lastModified": 1769996383,
        "narHash": "sha256-AnYjnFWgS49RlqX7LrC4uA+sCCDBj0Ry/WOJ5XWAsa0=",
        "owner": "hercules-ci",
        "repo": "flake-parts",
        "rev": "57928607ea566b5db3ad13af0e57e921e6b12381",
        "type": "github"
      },
      "original": {
        "owner": "hercules-ci",
        "repo": "flake-parts",
        "type": "github"
      }
    },
    "flake-parts_2": {
      "inputs": {
        "nixpkgs-lib": "nixpkgs-lib_2"
      },
      "locked": {
        "lastModified": 1765835352,
        "narHash": "sha256-XswHlK/Qtjasvhd1nOa1e8MgZ8GS//jBoTqWtrS1Giw=",
        "owner": "hercules-ci",
        "repo": "flake-parts",
        "rev": "a34fae9c08a15ad73f295041fec82323541400a9",
        "type": "github"
      },
      "original": {
        "owner": "hercules-ci",
        "repo": "flake-parts",
        "type": "github"
      }
    },
    "lean4-nix": {
      "inputs": {
        "flake-parts": "flake-parts_2",
        "nixpkgs": [
          "nixpkgs"
        ]
      },
      "locked": {
        "lastModified": 1771784682,
        "narHash": "sha256-35kZxaGTpP0mGHaxKzb7WXQD2hkw5z/kGxIJ/bE+7cA=",
        "owner": "lenianiva",
        "repo": "lean4-nix",
        "rev": "7a5424eb7cfad9c855cd31d958d84b2209549bbf",
        "type": "github"
      },
      "original": {
        "owner": "lenianiva",
        "repo": "lean4-nix",
        "type": "github"
      }
    },
    "nixpkgs": {
      "locked": {
        "lastModified": 1771369470,
        "narHash": "sha256-0NBlEBKkN3lufyvFegY4TYv5mCNHbi5OmBDrzihbBMQ=",
        "owner": "NixOS",
        "repo": "nixpkgs",
        "rev": "0182a361324364ae3f436a63005877674cf45efb",
        "type": "github"
      },
      "original": {
        "owner": "NixOS",
        "ref": "nixos-unstable",
        "repo": "nixpkgs",
        "type": "github"
      }
    },
    "nixpkgs-lib": {
      "locked": {
        "lastModified": 1769909678,
        "narHash": "sha256-cBEymOf4/o3FD5AZnzC3J9hLbiZ+QDT/KDuyHXVJOpM=",
        "owner": "nix-community",
        "repo": "nixpkgs.lib",
        "rev": "72716169fe93074c333e8d0173151350670b824c",
        "type": "github"
      },
      "original": {
        "owner": "nix-community",
        "repo": "nixpkgs.lib",
        "type": "github"
      }
    },
    "nixpkgs-lib_2": {
      "locked": {
        "lastModified": 1765674936,
        "narHash": "sha256-k00uTP4JNfmejrCLJOwdObYC9jHRrr/5M/a/8L2EIdo=",
        "owner": "nix-community",
        "repo": "nixpkgs.lib",
        "rev": "2075416fcb47225d9b68ac469a5c4801a9c4dd85",
        "type": "github"
      },
      "original": {
        "owner": "nix-community",
        "repo": "nixpkgs.lib",
        "type": "github"
      }
    },
    "root": {
      "inputs": {
        "flake-parts": "flake-parts",
        "lean4-nix": "lean4-nix",
        "nixpkgs": "nixpkgs",
        "rust-overlay": "rust-overlay"
      }
    },
    "rust-overlay": {
      "inputs": {
        "nixpkgs": [
          "nixpkgs"
        ]
      },
      "locked": {
        "lastModified": 1767495280,
        "narHash": "sha256-hEEgtE/RSRigw8xscchGymf/t1nluZwTfru4QF6O1CQ=",
        "owner": "oxalica",
        "repo": "rust-overlay",
        "rev": "cb24c5cc207ba8e9a4ce245eedd2d37c3a988bc1",
        "type": "github"
      },
      "original": {
        "owner": "oxalica",
        "repo": "rust-overlay",
        "type": "github"
      }
    }
  },
  "root": "root",
  "version": 7
}
